// !$*UTF8*$!
{
	archiveVersion = 1;
	classes = {
	};
	objectVersion = 46;
	objects = {

/* Begin PBXBuildFile section */
		16F9E21B0546323A00F09F49 /* shdplugin.icns in Resources */ = {isa = PBXBuildFile; fileRef = 16F9E21A0546323A00F09F49 /* shdplugin.icns */; };
		1880855E1249917B00869131 /* Foundation.framework in Frameworks */ = {isa = PBXBuildFile; fileRef = 1880855D1249917B00869131 /* Foundation.framework */; };
		188085601249919600869131 /* AppKit.framework in Frameworks */ = {isa = PBXBuildFile; fileRef = 1880855F1249919600869131 /* AppKit.framework */; };
		29B879920C042E4200F329B2 /* ja.lproj in Resources */ = {isa = PBXBuildFile; fileRef = 29B8798B0C042E4200F329B2 /* ja.lproj */; };
		29B879A70C042EAF00F329B2 /* en.lproj in Resources */ = {isa = PBXBuildFile; fileRef = 29B879A00C042EAF00F329B2 /* en.lproj */; };
		4A53992A082F876000832195 /* CoreFoundation.framework in Frameworks */ = {isa = PBXBuildFile; fileRef = 4A539929082F876000832195 /* CoreFoundation.framework */; };
		4A53996D082F87C100832195 /* CoreServices.framework in Frameworks */ = {isa = PBXBuildFile; fileRef = 4A53996C082F87C100832195 /* CoreServices.framework */; };
		920B2F521B79BA9700B1AB53 /* GlobalHeader.h in Headers */ = {isa = PBXBuildFile; fileRef = 920B2F4E1B79BA9700B1AB53 /* GlobalHeader.h */; };
		920B2F531B79BA9700B1AB53 /* main.cpp in Sources */ = {isa = PBXBuildFile; fileRef = 920B2F4F1B79BA9700B1AB53 /* main.cpp */; };
		9233179C1E213F9C00CBB5C7 /* RIBExporter.info.plist in Resources */ = {isa = PBXBuildFile; fileRef = 9233179B1E213F9C00CBB5C7 /* RIBExporter.info.plist */; };
		923317BB1E213FCB00CBB5C7 /* AreaLightAttributeInterface.cpp in Sources */ = {isa = PBXBuildFile; fileRef = 9233179D1E213FCB00CBB5C7 /* AreaLightAttributeInterface.cpp */; };
		923317BC1E213FCB00CBB5C7 /* AreaLightAttributeInterface.h in Headers */ = {isa = PBXBuildFile; fileRef = 9233179E1E213FCB00CBB5C7 /* AreaLightAttributeInterface.h */; };
		923317BD1E213FCB00CBB5C7 /* AttributeWindowInterface.cpp in Sources */ = {isa = PBXBuildFile; fileRef = 9233179F1E213FCB00CBB5C7 /* AttributeWindowInterface.cpp */; };
		923317BE1E213FCB00CBB5C7 /* AttributeWindowInterface.h in Headers */ = {isa = PBXBuildFile; fileRef = 923317A01E213FCB00CBB5C7 /* AttributeWindowInterface.h */; };
		923317BF1E213FCB00CBB5C7 /* BackgroundTexture.cpp in Sources */ = {isa = PBXBuildFile; fileRef = 923317A11E213FCB00CBB5C7 /* BackgroundTexture.cpp */; };
		923317C01E213FCB00CBB5C7 /* BackgroundTexture.h in Headers */ = {isa = PBXBuildFile; fileRef = 923317A21E213FCB00CBB5C7 /* BackgroundTexture.h */; };
		923317C11E213FCB00CBB5C7 /* CameraCtrl.cpp in Sources */ = {isa = PBXBuildFile; fileRef = 923317A31E213FCB00CBB5C7 /* CameraCtrl.cpp */; };
		923317C21E213FCB00CBB5C7 /* CameraCtrl.h in Headers */ = {isa = PBXBuildFile; fileRef = 923317A41E213FCB00CBB5C7 /* CameraCtrl.h */; };
		923317C31E213FCB00CBB5C7 /* LightCtrl.cpp in Sources */ = {isa = PBXBuildFile; fileRef = 923317A51E213FCB00CBB5C7 /* LightCtrl.cpp */; };
		923317C41E213FCB00CBB5C7 /* LightCtrl.h in Headers */ = {isa = PBXBuildFile; fileRef = 923317A61E213FCB00CBB5C7 /* LightCtrl.h */; };
		923317C51E213FCB00CBB5C7 /* MaterialCtrl.cpp in Sources */ = {isa = PBXBuildFile; fileRef = 923317A71E213FCB00CBB5C7 /* MaterialCtrl.cpp */; };
		923317C61E213FCB00CBB5C7 /* MaterialCtrl.h in Headers */ = {isa = PBXBuildFile; fileRef = 923317A81E213FCB00CBB5C7 /* MaterialCtrl.h */; };
		923317C71E213FCB00CBB5C7 /* MathUtil.cpp in Sources */ = {isa = PBXBuildFile; fileRef = 923317A91E213FCB00CBB5C7 /* MathUtil.cpp */; };
		923317C81E213FCB00CBB5C7 /* MathUtil.h in Headers */ = {isa = PBXBuildFile; fileRef = 923317AA1E213FCB00CBB5C7 /* MathUtil.h */; };
		923317C91E213FCB00CBB5C7 /* PolygonMeshCtrl.cpp in Sources */ = {isa = PBXBuildFile; fileRef = 923317AB1E213FCB00CBB5C7 /* PolygonMeshCtrl.cpp */; };
		923317CA1E213FCB00CBB5C7 /* PolygonMeshCtrl.h in Headers */ = {isa = PBXBuildFile; fileRef = 923317AC1E213FCB00CBB5C7 /* PolygonMeshCtrl.h */; };
		923317CB1E213FCB00CBB5C7 /* RIBExporterInterface.cpp in Sources */ = {isa = PBXBuildFile; fileRef = 923317AD1E213FCB00CBB5C7 /* RIBExporterInterface.cpp */; };
		923317CC1E213FCB00CBB5C7 /* RIBExporterInterface.h in Headers */ = {isa = PBXBuildFile; fileRef = 923317AE1E213FCB00CBB5C7 /* RIBExporterInterface.h */; };
		923317CD1E213FCB00CBB5C7 /* SaveRIB.cpp in Sources */ = {isa = PBXBuildFile; fileRef = 923317AF1E213FCB00CBB5C7 /* SaveRIB.cpp */; };
		923317CE1E213FCB00CBB5C7 /* SaveRIB.h in Headers */ = {isa = PBXBuildFile; fileRef = 923317B01E213FCB00CBB5C7 /* SaveRIB.h */; };
		923317CF1E213FCB00CBB5C7 /* SaveTiff.cpp in Sources */ = {isa = PBXBuildFile; fileRef = 923317B11E213FCB00CBB5C7 /* SaveTiff.cpp */; };
		923317D01E213FCB00CBB5C7 /* SaveTiff.h in Headers */ = {isa = PBXBuildFile; fileRef = 923317B21E213FCB00CBB5C7 /* SaveTiff.h */; };
		923317D11E213FCB00CBB5C7 /* ShapeStack.cpp in Sources */ = {isa = PBXBuildFile; fileRef = 923317B31E213FCB00CBB5C7 /* ShapeStack.cpp */; };
		923317D21E213FCB00CBB5C7 /* ShapeStack.h in Headers */ = {isa = PBXBuildFile; fileRef = 923317B41E213FCB00CBB5C7 /* ShapeStack.h */; };
		923317D31E213FCB00CBB5C7 /* StreamCtrl.cpp in Sources */ = {isa = PBXBuildFile; fileRef = 923317B51E213FCB00CBB5C7 /* StreamCtrl.cpp */; };
		923317D41E213FCB00CBB5C7 /* StreamCtrl.h in Headers */ = {isa = PBXBuildFile; fileRef = 923317B61E213FCB00CBB5C7 /* StreamCtrl.h */; };
		923317D51E213FCB00CBB5C7 /* TextureCtrl.cpp in Sources */ = {isa = PBXBuildFile; fileRef = 923317B71E213FCB00CBB5C7 /* TextureCtrl.cpp */; };
		923317D61E213FCB00CBB5C7 /* TextureCtrl.h in Headers */ = {isa = PBXBuildFile; fileRef = 923317B81E213FCB00CBB5C7 /* TextureCtrl.h */; };
		923317D71E213FCB00CBB5C7 /* Util.cpp in Sources */ = {isa = PBXBuildFile; fileRef = 923317B91E213FCB00CBB5C7 /* Util.cpp */; };
		923317D81E213FCB00CBB5C7 /* Util.h in Headers */ = {isa = PBXBuildFile; fileRef = 923317BA1E213FCB00CBB5C7 /* Util.h */; };
		923317DA1E21407C00CBB5C7 /* libtiff.a in Frameworks */ = {isa = PBXBuildFile; fileRef = 923317D91E21407C00CBB5C7 /* libtiff.a */; };
		923317DC1E21409C00CBB5C7 /* libz.dylib in Frameworks */ = {isa = PBXBuildFile; fileRef = 923317DB1E21409C00CBB5C7 /* libz.dylib */; };
		C7CF5628197F536B003471D2 /* com.cpp in Sources */ = {isa = PBXBuildFile; fileRef = C7CF5625197F536B003471D2 /* com.cpp */; };
		C7CF5629197F536B003471D2 /* debug.cpp in Sources */ = {isa = PBXBuildFile; fileRef = C7CF5626197F536B003471D2 /* debug.cpp */; };
		C7CF562A197F536B003471D2 /* vectors.cpp in Sources */ = {isa = PBXBuildFile; fileRef = C7CF5627197F536B003471D2 /* vectors.cpp */; };
		FFE6EE8A1A6650060006CB66 /* RIBExporter.shdplugin in CopyFiles */ = {isa = PBXBuildFile; fileRef = B8C4EB8604BCA9FB00A80009 /* RIBExporter.shdplugin */; };
/* End PBXBuildFile section */

/* Begin PBXCopyFilesBuildPhase section */
		4A534A0C082B7E4100852BAF /* CopyFiles */ = {
			isa = PBXCopyFilesBuildPhase;
			buildActionMask = 2147483647;
			dstPath = "";
			dstSubfolderSpec = 0;
			files = (
			);
			runOnlyForDeploymentPostprocessing = 0;
		};
		FFE6EE891A664FFA0006CB66 /* CopyFiles */ = {
			isa = PBXCopyFilesBuildPhase;
			buildActionMask = 2147483647;
			dstPath = ../../../../../../builds/mac/plugins;
			dstSubfolderSpec = 16;
			files = (
				FFE6EE8A1A6650060006CB66 /* RIBExporter.shdplugin in CopyFiles */,
			);
			runOnlyForDeploymentPostprocessing = 0;
		};
/* End PBXCopyFilesBuildPhase section */

/* Begin PBXFileReference section */
		1058C7ADFEA557BF11CA2CBB /* Cocoa.framework */ = {isa = PBXFileReference; lastKnownFileType = wrapper.framework; name = Cocoa.framework; path = /System/Library/Frameworks/Cocoa.framework; sourceTree = "<absolute>"; };
		16F9E21A0546323A00F09F49 /* shdplugin.icns */ = {isa = PBXFileReference; lastKnownFileType = image.icns; name = shdplugin.icns; path = ../xshade/icns/shdplugin.icns; sourceTree = SOURCE_ROOT; };
		1880855D1249917B00869131 /* Foundation.framework */ = {isa = PBXFileReference; lastKnownFileType = wrapper.framework; name = Foundation.framework; path = /System/Library/Frameworks/Foundation.framework; sourceTree = "<absolute>"; };
		1880855F1249919600869131 /* AppKit.framework */ = {isa = PBXFileReference; lastKnownFileType = wrapper.framework; name = AppKit.framework; path = /System/Library/Frameworks/AppKit.framework; sourceTree = "<absolute>"; };
		29B8798B0C042E4200F329B2 /* ja.lproj */ = {isa = PBXFileReference; lastKnownFileType = folder; name = ja.lproj; path = ../../source/resources/ja.lproj; sourceTree = SOURCE_ROOT; };
		29B879A00C042EAF00F329B2 /* en.lproj */ = {isa = PBXFileReference; lastKnownFileType = folder; name = en.lproj; path = ../../source/resources/en.lproj; sourceTree = SOURCE_ROOT; };
		32DBCF630370AF2F00C91783 /* xplugins_Prefix.pch */ = {isa = PBXFileReference; fileEncoding = 4; lastKnownFileType = sourcecode.c.h; path = xplugins_Prefix.pch; sourceTree = "<group>"; };
		4A539929082F876000832195 /* CoreFoundation.framework */ = {isa = PBXFileReference; lastKnownFileType = wrapper.framework; name = CoreFoundation.framework; path = ../../../../../../../../../System/Library/Frameworks/CoreFoundation.framework; sourceTree = SOURCE_ROOT; };
		4A53996C082F87C100832195 /* CoreServices.framework */ = {isa = PBXFileReference; lastKnownFileType = wrapper.framework; name = CoreServices.framework; path = ../../../../../../../../../System/Library/Frameworks/CoreServices.framework; sourceTree = SOURCE_ROOT; };
		920B2F4E1B79BA9700B1AB53 /* GlobalHeader.h */ = {isa = PBXFileReference; fileEncoding = 4; lastKnownFileType = sourcecode.c.h; name = GlobalHeader.h; path = ../../source/GlobalHeader.h; sourceTree = "<group>"; };
		920B2F4F1B79BA9700B1AB53 /* main.cpp */ = {isa = PBXFileReference; fileEncoding = 4; lastKnownFileType = sourcecode.cpp.cpp; name = main.cpp; path = ../../source/main.cpp; sourceTree = "<group>"; };
		9233179B1E213F9C00CBB5C7 /* RIBExporter.info.plist */ = {isa = PBXFileReference; fileEncoding = 4; lastKnownFileType = text.plist.xml; name = RIBExporter.info.plist; path = plists/RIBExporter.info.plist; sourceTree = "<group>"; };
		9233179D1E213FCB00CBB5C7 /* AreaLightAttributeInterface.cpp */ = {isa = PBXFileReference; fileEncoding = 4; lastKnownFileType = sourcecode.cpp.cpp; name = AreaLightAttributeInterface.cpp; path = ../../source/AreaLightAttributeInterface.cpp; sourceTree = "<group>"; };
		9233179E1E213FCB00CBB5C7 /* AreaLightAttributeInterface.h */ = {isa = PBXFileReference; fileEncoding = 4; lastKnownFileType = sourcecode.c.h; name = AreaLightAttributeInterface.h; path = ../../source/AreaLightAttributeInterface.h; sourceTree = "<group>"; };
		9233179F1E213FCB00CBB5C7 /* AttributeWindowInterface.cpp */ = {isa = PBXFileReference; fileEncoding = 4; lastKnownFileType = sourcecode.cpp.cpp; name = AttributeWindowInterface.cpp; path = ../../source/AttributeWindowInterface.cpp; sourceTree = "<group>"; };
		923317A01E213FCB00CBB5C7 /* AttributeWindowInterface.h */ = {isa = PBXFileReference; fileEncoding = 4; lastKnownFileType = sourcecode.c.h; name = AttributeWindowInterface.h; path = ../../source/AttributeWindowInterface.h; sourceTree = "<group>"; };
		923317A11E213FCB00CBB5C7 /* BackgroundTexture.cpp */ = {isa = PBXFileReference; fileEncoding = 4; lastKnownFileType = sourcecode.cpp.cpp; name = BackgroundTexture.cpp; path = ../../source/BackgroundTexture.cpp; sourceTree = "<group>"; };
		923317A21E213FCB00CBB5C7 /* BackgroundTexture.h */ = {isa = PBXFileReference; fileEncoding = 4; lastKnownFileType = sourcecode.c.h; name = BackgroundTexture.h; path = ../../source/BackgroundTexture.h; sourceTree = "<group>"; };
		923317A31E213FCB00CBB5C7 /* CameraCtrl.cpp */ = {isa = PBXFileReference; fileEncoding = 4; lastKnownFileType = sourcecode.cpp.cpp; name = CameraCtrl.cpp; path = ../../source/CameraCtrl.cpp; sourceTree = "<group>"; };
		923317A41E213FCB00CBB5C7 /* CameraCtrl.h */ = {isa = PBXFileReference; fileEncoding = 4; lastKnownFileType = sourcecode.c.h; name = CameraCtrl.h; path = ../../source/CameraCtrl.h; sourceTree = "<group>"; };
		923317A51E213FCB00CBB5C7 /* LightCtrl.cpp */ = {isa = PBXFileReference; fileEncoding = 4; lastKnownFileType = sourcecode.cpp.cpp; name = LightCtrl.cpp; path = ../../source/LightCtrl.cpp; sourceTree = "<group>"; };
		923317A61E213FCB00CBB5C7 /* LightCtrl.h */ = {isa = PBXFileReference; fileEncoding = 4; lastKnownFileType = sourcecode.c.h; name = LightCtrl.h; path = ../../source/LightCtrl.h; sourceTree = "<group>"; };
		923317A71E213FCB00CBB5C7 /* MaterialCtrl.cpp */ = {isa = PBXFileReference; fileEncoding = 4; lastKnownFileType = sourcecode.cpp.cpp; name = MaterialCtrl.cpp; path = ../../source/MaterialCtrl.cpp; sourceTree = "<group>"; };
		923317A81E213FCB00CBB5C7 /* MaterialCtrl.h */ = {isa = PBXFileReference; fileEncoding = 4; lastKnownFileType = sourcecode.c.h; name = MaterialCtrl.h; path = ../../source/MaterialCtrl.h; sourceTree = "<group>"; };
		923317A91E213FCB00CBB5C7 /* MathUtil.cpp */ = {isa = PBXFileReference; fileEncoding = 4; lastKnownFileType = sourcecode.cpp.cpp; name = MathUtil.cpp; path = ../../source/MathUtil.cpp; sourceTree = "<group>"; };
		923317AA1E213FCB00CBB5C7 /* MathUtil.h */ = {isa = PBXFileReference; fileEncoding = 4; lastKnownFileType = sourcecode.c.h; name = MathUtil.h; path = ../../source/MathUtil.h; sourceTree = "<group>"; };
		923317AB1E213FCB00CBB5C7 /* PolygonMeshCtrl.cpp */ = {isa = PBXFileReference; fileEncoding = 4; lastKnownFileType = sourcecode.cpp.cpp; name = PolygonMeshCtrl.cpp; path = ../../source/PolygonMeshCtrl.cpp; sourceTree = "<group>"; };
		923317AC1E213FCB00CBB5C7 /* PolygonMeshCtrl.h */ = {isa = PBXFileReference; fileEncoding = 4; lastKnownFileType = sourcecode.c.h; name = PolygonMeshCtrl.h; path = ../../source/PolygonMeshCtrl.h; sourceTree = "<group>"; };
		923317AD1E213FCB00CBB5C7 /* RIBExporterInterface.cpp */ = {isa = PBXFileReference; fileEncoding = 4; lastKnownFileType = sourcecode.cpp.cpp; name = RIBExporterInterface.cpp; path = ../../source/RIBExporterInterface.cpp; sourceTree = "<group>"; };
		923317AE1E213FCB00CBB5C7 /* RIBExporterInterface.h */ = {isa = PBXFileReference; fileEncoding = 4; lastKnownFileType = sourcecode.c.h; name = RIBExporterInterface.h; path = ../../source/RIBExporterInterface.h; sourceTree = "<group>"; };
		923317AF1E213FCB00CBB5C7 /* SaveRIB.cpp */ = {isa = PBXFileReference; fileEncoding = 4; lastKnownFileType = sourcecode.cpp.cpp; name = SaveRIB.cpp; path = ../../source/SaveRIB.cpp; sourceTree = "<group>"; };
		923317B01E213FCB00CBB5C7 /* SaveRIB.h */ = {isa = PBXFileReference; fileEncoding = 4; lastKnownFileType = sourcecode.c.h; name = SaveRIB.h; path = ../../source/SaveRIB.h; sourceTree = "<group>"; };
		923317B11E213FCB00CBB5C7 /* SaveTiff.cpp */ = {isa = PBXFileReference; fileEncoding = 4; lastKnownFileType = sourcecode.cpp.cpp; name = SaveTiff.cpp; path = ../../source/SaveTiff.cpp; sourceTree = "<group>"; };
		923317B21E213FCB00CBB5C7 /* SaveTiff.h */ = {isa = PBXFileReference; fileEncoding = 4; lastKnownFileType = sourcecode.c.h; name = SaveTiff.h; path = ../../source/SaveTiff.h; sourceTree = "<group>"; };
		923317B31E213FCB00CBB5C7 /* ShapeStack.cpp */ = {isa = PBXFileReference; fileEncoding = 4; lastKnownFileType = sourcecode.cpp.cpp; name = ShapeStack.cpp; path = ../../source/ShapeStack.cpp; sourceTree = "<group>"; };
		923317B41E213FCB00CBB5C7 /* ShapeStack.h */ = {isa = PBXFileReference; fileEncoding = 4; lastKnownFileType = sourcecode.c.h; name = ShapeStack.h; path = ../../source/ShapeStack.h; sourceTree = "<group>"; };
		923317B51E213FCB00CBB5C7 /* StreamCtrl.cpp */ = {isa = PBXFileReference; fileEncoding = 4; lastKnownFileType = sourcecode.cpp.cpp; name = StreamCtrl.cpp; path = ../../source/StreamCtrl.cpp; sourceTree = "<group>"; };
		923317B61E213FCB00CBB5C7 /* StreamCtrl.h */ = {isa = PBXFileReference; fileEncoding = 4; lastKnownFileType = sourcecode.c.h; name = StreamCtrl.h; path = ../../source/StreamCtrl.h; sourceTree = "<group>"; };
		923317B71E213FCB00CBB5C7 /* TextureCtrl.cpp */ = {isa = PBXFileReference; fileEncoding = 4; lastKnownFileType = sourcecode.cpp.cpp; name = TextureCtrl.cpp; path = ../../source/TextureCtrl.cpp; sourceTree = "<group>"; };
		923317B81E213FCB00CBB5C7 /* TextureCtrl.h */ = {isa = PBXFileReference; fileEncoding = 4; lastKnownFileType = sourcecode.c.h; name = TextureCtrl.h; path = ../../source/TextureCtrl.h; sourceTree = "<group>"; };
		923317B91E213FCB00CBB5C7 /* Util.cpp */ = {isa = PBXFileReference; fileEncoding = 4; lastKnownFileType = sourcecode.cpp.cpp; name = Util.cpp; path = ../../source/Util.cpp; sourceTree = "<group>"; };
		923317BA1E213FCB00CBB5C7 /* Util.h */ = {isa = PBXFileReference; fileEncoding = 4; lastKnownFileType = sourcecode.c.h; name = Util.h; path = ../../source/Util.h; sourceTree = "<group>"; };
		923317D91E21407C00CBB5C7 /* libtiff.a */ = {isa = PBXFileReference; lastKnownFileType = archive.ar; name = libtiff.a; path = ../../libtiff/lib/mac/libtiff.a; sourceTree = "<group>"; };
		923317DB1E21409C00CBB5C7 /* libz.dylib */ = {isa = PBXFileReference; lastKnownFileType = "compiled.mach-o.dylib"; name = libz.dylib; path = ../../../../../../../../../usr/lib/libz.dylib; sourceTree = "<group>"; };
		B8C4EB8604BCA9FB00A80009 /* RIBExporter.shdplugin */ = {isa = PBXFileReference; explicitFileType = wrapper.cfbundle; includeInIndex = 0; path = RIBExporter.shdplugin; sourceTree = BUILT_PRODUCTS_DIR; };
		B8FA2D5004BCE0E800A80009 /* Carbon.framework */ = {isa = PBXFileReference; lastKnownFileType = wrapper.framework; name = Carbon.framework; path = /System/Library/Frameworks/Carbon.framework; sourceTree = "<absolute>"; };
		B8FA2DE904BCE16F00A80009 /* OpenGL.framework */ = {isa = PBXFileReference; lastKnownFileType = wrapper.framework; name = OpenGL.framework; path = /System/Library/Frameworks/OpenGL.framework; sourceTree = "<absolute>"; };
		B8FCB9DC06AB308C00544DB7 /* QuickTime.framework */ = {isa = PBXFileReference; lastKnownFileType = wrapper.framework; name = QuickTime.framework; path = /System/Library/Frameworks/QuickTime.framework; sourceTree = "<absolute>"; };
		C7A6141B1898EC1B008B2D6E /* config.plugins.xcconfig */ = {isa = PBXFileReference; fileEncoding = 4; lastKnownFileType = text.xcconfig; name = config.plugins.xcconfig; path = ../../../../xcconfig/config.plugins.xcconfig; sourceTree = "<group>"; };
		C7CF5625197F536B003471D2 /* com.cpp */ = {isa = PBXFileReference; fileEncoding = 4; lastKnownFileType = sourcecode.cpp.cpp; name = com.cpp; path = ../../../../include/sxcore/com.cpp; sourceTree = "<group>"; };
		C7CF5626197F536B003471D2 /* debug.cpp */ = {isa = PBXFileReference; fileEncoding = 4; lastKnownFileType = sourcecode.cpp.cpp; name = debug.cpp; path = ../../../../include/sxcore/debug.cpp; sourceTree = "<group>"; };
		C7CF5627197F536B003471D2 /* vectors.cpp */ = {isa = PBXFileReference; fileEncoding = 4; lastKnownFileType = sourcecode.cpp.cpp; name = vectors.cpp; path = ../../../../include/sxcore/vectors.cpp; sourceTree = "<group>"; };
/* End PBXFileReference section */

/* Begin PBXFrameworksBuildPhase section */
		B8C4EB8404BCA9FB00A80009 /* Frameworks */ = {
			isa = PBXFrameworksBuildPhase;
			buildActionMask = 2147483647;
			files = (
				4A53992A082F876000832195 /* CoreFoundation.framework in Frameworks */,
				4A53996D082F87C100832195 /* CoreServices.framework in Frameworks */,
				1880855E1249917B00869131 /* Foundation.framework in Frameworks */,
				188085601249919600869131 /* AppKit.framework in Frameworks */,
				923317DA1E21407C00CBB5C7 /* libtiff.a in Frameworks */,
				923317DC1E21409C00CBB5C7 /* libz.dylib in Frameworks */,
			);
			runOnlyForDeploymentPostprocessing = 0;
		};
/* End PBXFrameworksBuildPhase section */

/* Begin PBXGroup section */
		089C166AFE841209C02AAC07 /* xplugins */ = {
			isa = PBXGroup;
			children = (
				C7A6141B1898EC1B008B2D6E /* config.plugins.xcconfig */,
				4A534634082B5E4C00852BAF /* mysource */,
				B8F429BB04BCB35A00A80009 /* plists */,
				08FB77AFFE84173DC02AAC07 /* Classes */,
				32C88E010371C26100C91783 /* source */,
				089C167CFE841241C02AAC07 /* Resources */,
				089C1671FE841209C02AAC07 /* Frameworks and Libraries */,
				19C28FB8FE9D52D311CA2CBB /* Products */,
			);
			name = xplugins;
			sourceTree = "<group>";
		};
		089C1671FE841209C02AAC07 /* Frameworks and Libraries */ = {
			isa = PBXGroup;
			children = (
				923317DB1E21409C00CBB5C7 /* libz.dylib */,
				923317D91E21407C00CBB5C7 /* libtiff.a */,
				1058C7ACFEA557BF11CA2CBB /* Linked Frameworks */,
				1058C7AEFEA557BF11CA2CBB /* Other Frameworks */,
			);
			name = "Frameworks and Libraries";
			sourceTree = "<group>";
		};
		089C167CFE841241C02AAC07 /* Resources */ = {
			isa = PBXGroup;
			children = (
				29B879820C042E0200F329B2 /* sxul */,
				16F9E21A0546323A00F09F49 /* shdplugin.icns */,
			);
			name = Resources;
			sourceTree = "<group>";
		};
		08FB77AFFE84173DC02AAC07 /* Classes */ = {
			isa = PBXGroup;
			children = (
			);
			name = Classes;
			sourceTree = "<group>";
		};
		1058C7ACFEA557BF11CA2CBB /* Linked Frameworks */ = {
			isa = PBXGroup;
			children = (
				4A53996C082F87C100832195 /* CoreServices.framework */,
				4A539929082F876000832195 /* CoreFoundation.framework */,
				B8FCB9DC06AB308C00544DB7 /* QuickTime.framework */,
				B8FA2D5004BCE0E800A80009 /* Carbon.framework */,
				1058C7ADFEA557BF11CA2CBB /* Cocoa.framework */,
				B8FA2DE904BCE16F00A80009 /* OpenGL.framework */,
			);
			name = "Linked Frameworks";
			sourceTree = "<group>";
		};
		1058C7AEFEA557BF11CA2CBB /* Other Frameworks */ = {
			isa = PBXGroup;
			children = (
				1880855D1249917B00869131 /* Foundation.framework */,
				1880855F1249919600869131 /* AppKit.framework */,
			);
			name = "Other Frameworks";
			sourceTree = "<group>";
		};
		19C28FB8FE9D52D311CA2CBB /* Products */ = {
			isa = PBXGroup;
			children = (
				B8C4EB8604BCA9FB00A80009 /* RIBExporter.shdplugin */,
			);
			name = Products;
			sourceTree = "<group>";
		};
		29B879820C042E0200F329B2 /* sxul */ = {
			isa = PBXGroup;
			children = (
				29B879A00C042EAF00F329B2 /* en.lproj */,
				29B8798B0C042E4200F329B2 /* ja.lproj */,
			);
			name = sxul;
			sourceTree = "<group>";
		};
		32C88E010371C26100C91783 /* source */ = {
			isa = PBXGroup;
			children = (
				C7CF5625197F536B003471D2 /* com.cpp */,
				C7CF5626197F536B003471D2 /* debug.cpp */,
				C7CF5627197F536B003471D2 /* vectors.cpp */,
				32DBCF630370AF2F00C91783 /* xplugins_Prefix.pch */,
			);
			name = source;
			sourceTree = "<group>";
		};
		4A534634082B5E4C00852BAF /* mysource */ = {
			isa = PBXGroup;
			children = (
				9233179D1E213FCB00CBB5C7 /* AreaLightAttributeInterface.cpp */,
				9233179E1E213FCB00CBB5C7 /* AreaLightAttributeInterface.h */,
				9233179F1E213FCB00CBB5C7 /* AttributeWindowInterface.cpp */,
				923317A01E213FCB00CBB5C7 /* AttributeWindowInterface.h */,
				923317A11E213FCB00CBB5C7 /* BackgroundTexture.cpp */,
				923317A21E213FCB00CBB5C7 /* BackgroundTexture.h */,
				923317A31E213FCB00CBB5C7 /* CameraCtrl.cpp */,
				923317A41E213FCB00CBB5C7 /* CameraCtrl.h */,
				923317A51E213FCB00CBB5C7 /* LightCtrl.cpp */,
				923317A61E213FCB00CBB5C7 /* LightCtrl.h */,
				923317A71E213FCB00CBB5C7 /* MaterialCtrl.cpp */,
				923317A81E213FCB00CBB5C7 /* MaterialCtrl.h */,
				923317A91E213FCB00CBB5C7 /* MathUtil.cpp */,
				923317AA1E213FCB00CBB5C7 /* MathUtil.h */,
				923317AB1E213FCB00CBB5C7 /* PolygonMeshCtrl.cpp */,
				923317AC1E213FCB00CBB5C7 /* PolygonMeshCtrl.h */,
				923317AD1E213FCB00CBB5C7 /* RIBExporterInterface.cpp */,
				923317AE1E213FCB00CBB5C7 /* RIBExporterInterface.h */,
				923317AF1E213FCB00CBB5C7 /* SaveRIB.cpp */,
				923317B01E213FCB00CBB5C7 /* SaveRIB.h */,
				923317B11E213FCB00CBB5C7 /* SaveTiff.cpp */,
				923317B21E213FCB00CBB5C7 /* SaveTiff.h */,
				923317B31E213FCB00CBB5C7 /* ShapeStack.cpp */,
				923317B41E213FCB00CBB5C7 /* ShapeStack.h */,
				923317B51E213FCB00CBB5C7 /* StreamCtrl.cpp */,
				923317B61E213FCB00CBB5C7 /* StreamCtrl.h */,
				923317B71E213FCB00CBB5C7 /* TextureCtrl.cpp */,
				923317B81E213FCB00CBB5C7 /* TextureCtrl.h */,
				923317B91E213FCB00CBB5C7 /* Util.cpp */,
				923317BA1E213FCB00CBB5C7 /* Util.h */,
				920B2F4E1B79BA9700B1AB53 /* GlobalHeader.h */,
				920B2F4F1B79BA9700B1AB53 /* main.cpp */,
			);
			name = mysource;
			sourceTree = "<group>";
		};
		B8F429BB04BCB35A00A80009 /* plists */ = {
			isa = PBXGroup;
			children = (
				9233179B1E213F9C00CBB5C7 /* RIBExporter.info.plist */,
			);
			name = plists;
			sourceTree = "<group>";
		};
/* End PBXGroup section */

/* Begin PBXHeadersBuildPhase section */
		B8C4EB8104BCA9FB00A80009 /* Headers */ = {
			isa = PBXHeadersBuildPhase;
			buildActionMask = 2147483647;
			files = (
				923317C81E213FCB00CBB5C7 /* MathUtil.h in Headers */,
				923317CE1E213FCB00CBB5C7 /* SaveRIB.h in Headers */,
				923317CC1E213FCB00CBB5C7 /* RIBExporterInterface.h in Headers */,
				923317CA1E213FCB00CBB5C7 /* PolygonMeshCtrl.h in Headers */,
				923317C61E213FCB00CBB5C7 /* MaterialCtrl.h in Headers */,
				923317D41E213FCB00CBB5C7 /* StreamCtrl.h in Headers */,
				923317C41E213FCB00CBB5C7 /* LightCtrl.h in Headers */,
				920B2F521B79BA9700B1AB53 /* GlobalHeader.h in Headers */,
				923317BE1E213FCB00CBB5C7 /* AttributeWindowInterface.h in Headers */,
				923317D01E213FCB00CBB5C7 /* SaveTiff.h in Headers */,
				923317D81E213FCB00CBB5C7 /* Util.h in Headers */,
				923317C21E213FCB00CBB5C7 /* CameraCtrl.h in Headers */,
				923317C01E213FCB00CBB5C7 /* BackgroundTexture.h in Headers */,
				923317BC1E213FCB00CBB5C7 /* AreaLightAttributeInterface.h in Headers */,
				923317D61E213FCB00CBB5C7 /* TextureCtrl.h in Headers */,
				923317D21E213FCB00CBB5C7 /* ShapeStack.h in Headers */,
			);
			runOnlyForDeploymentPostprocessing = 0;
		};
/* End PBXHeadersBuildPhase section */

/* Begin PBXNativeTarget section */
		B8C4EB8504BCA9FB00A80009 /* RIBExporter */ = {
			isa = PBXNativeTarget;
			buildConfigurationList = 12D39A0308643DD1007494E7 /* Build configuration list for PBXNativeTarget "RIBExporter" */;
			buildPhases = (
				B8C4EB8104BCA9FB00A80009 /* Headers */,
				B8C4EB8204BCA9FB00A80009 /* Resources */,
				B8C4EB8304BCA9FB00A80009 /* Sources */,
				B8C4EB8404BCA9FB00A80009 /* Frameworks */,
				4A534A0C082B7E4100852BAF /* CopyFiles */,
				29FB8F120C03E529005CAC17 /* Run Script */,
				FFE6EE891A664FFA0006CB66 /* CopyFiles */,
			);
			buildRules = (
			);
			dependencies = (
			);
			name = RIBExporter;
			productName = multi_plugin;
			productReference = B8C4EB8604BCA9FB00A80009 /* RIBExporter.shdplugin */;
			productType = "com.apple.product-type.bundle";
		};
/* End PBXNativeTarget section */

/* Begin PBXProject section */
		089C1669FE841209C02AAC07 /* Project object */ = {
			isa = PBXProject;
			attributes = {
			};
			buildConfigurationList = 12D39A0B08643DD1007494E7 /* Build configuration list for PBXProject "Template" */;
			compatibilityVersion = "Xcode 3.2";
			developmentRegion = English;
			hasScannedForEncodings = 1;
			knownRegions = (
				English,
				Japanese,
				French,
				German,
				en,
				es,
				ja,
				zh_CN,
			);
			mainGroup = 089C166AFE841209C02AAC07 /* xplugins */;
			projectDirPath = "";
			projectRoot = "";
			targets = (
				B8C4EB8504BCA9FB00A80009 /* RIBExporter */,
			);
		};
/* End PBXProject section */

/* Begin PBXResourcesBuildPhase section */
		B8C4EB8204BCA9FB00A80009 /* Resources */ = {
			isa = PBXResourcesBuildPhase;
			buildActionMask = 2147483647;
			files = (
				9233179C1E213F9C00CBB5C7 /* RIBExporter.info.plist in Resources */,
				16F9E21B0546323A00F09F49 /* shdplugin.icns in Resources */,
				29B879920C042E4200F329B2 /* ja.lproj in Resources */,
				29B879A70C042EAF00F329B2 /* en.lproj in Resources */,
			);
			runOnlyForDeploymentPostprocessing = 0;
		};
/* End PBXResourcesBuildPhase section */

/* Begin PBXShellScriptBuildPhase section */
		29FB8F120C03E529005CAC17 /* Run Script */ = {
			isa = PBXShellScriptBuildPhase;
			buildActionMask = 2147483647;
			files = (
			);
			inputPaths = (
			);
			name = "Run Script";
			outputPaths = (
			);
			runOnlyForDeploymentPostprocessing = 0;
			shellPath = /bin/sh;
			shellScript = "
";
		};
/* End PBXShellScriptBuildPhase section */

/* Begin PBXSourcesBuildPhase section */
		B8C4EB8304BCA9FB00A80009 /* Sources */ = {
			isa = PBXSourcesBuildPhase;
			buildActionMask = 2147483647;
			files = (
				923317CD1E213FCB00CBB5C7 /* SaveRIB.cpp in Sources */,
				C7CF5629197F536B003471D2 /* debug.cpp in Sources */,
				923317CB1E213FCB00CBB5C7 /* RIBExporterInterface.cpp in Sources */,
				C7CF562A197F536B003471D2 /* vectors.cpp in Sources */,
				923317BD1E213FCB00CBB5C7 /* AttributeWindowInterface.cpp in Sources */,
				923317C51E213FCB00CBB5C7 /* MaterialCtrl.cpp in Sources */,
				923317D11E213FCB00CBB5C7 /* ShapeStack.cpp in Sources */,
				923317BF1E213FCB00CBB5C7 /* BackgroundTexture.cpp in Sources */,
				920B2F531B79BA9700B1AB53 /* main.cpp in Sources */,
				923317C91E213FCB00CBB5C7 /* PolygonMeshCtrl.cpp in Sources */,
				923317D51E213FCB00CBB5C7 /* TextureCtrl.cpp in Sources */,
				923317D71E213FCB00CBB5C7 /* Util.cpp in Sources */,
				923317C11E213FCB00CBB5C7 /* CameraCtrl.cpp in Sources */,
				923317C71E213FCB00CBB5C7 /* MathUtil.cpp in Sources */,
				923317C31E213FCB00CBB5C7 /* LightCtrl.cpp in Sources */,
				923317CF1E213FCB00CBB5C7 /* SaveTiff.cpp in Sources */,
				923317BB1E213FCB00CBB5C7 /* AreaLightAttributeInterface.cpp in Sources */,
				C7CF5628197F536B003471D2 /* com.cpp in Sources */,
				923317D31E213FCB00CBB5C7 /* StreamCtrl.cpp in Sources */,
			);
			runOnlyForDeploymentPostprocessing = 0;
		};
/* End PBXSourcesBuildPhase section */

/* Begin XCBuildConfiguration section */
		12D39A0408643DD1007494E7 /* Development */ = {
			isa = XCBuildConfiguration;
			buildSettings = {
				DEBUGGING_SYMBOLS = YES;
				GCC_ENABLE_FIX_AND_CONTINUE = YES;
				GCC_ENABLE_TRIGRAPHS = NO;
				GCC_PRECOMPILE_PREFIX_HEADER = YES;
				GCC_PREFIX_HEADER = xplugins_Prefix.pch;
				GCC_WARN_FOUR_CHARACTER_CONSTANTS = NO;
				GCC_WARN_UNKNOWN_PRAGMAS = NO;
				INFOPLIST_FILE = plists/RIBExporter.info.plist;
				LIBRARY_SEARCH_PATHS = (
					"$(inherited)",
					/Users/yoshi/Shade/plugins_dev/Shade15PluginSDK/projects/RIBExporter/libtiff/lib/mac,
				);
				OTHER_CFLAGS = "";
				OTHER_LDFLAGS = "";
				OTHER_REZFLAGS = "";
				PRODUCT_NAME = RIBExporter;
				SDKROOT = macosx10.9;
				SECTORDER_FLAGS = "";
				USER_HEADER_SEARCH_PATHS = ../../libtiff/include;
				WARNING_CFLAGS = "-w";
				WRAPPER_EXTENSION = shdplugin;
				ZERO_LINK = NO;
			};
			name = Development;
		};
		12D39A0508643DD1007494E7 /* Deployment */ = {
			isa = XCBuildConfiguration;
			buildSettings = {
				GCC_ENABLE_FIX_AND_CONTINUE = NO;
				GCC_ENABLE_TRIGRAPHS = NO;
				GCC_PRECOMPILE_PREFIX_HEADER = YES;
				GCC_PREFIX_HEADER = xplugins_Prefix.pch;
				GCC_WARN_FOUR_CHARACTER_CONSTANTS = NO;
				GCC_WARN_UNKNOWN_PRAGMAS = NO;
				INFOPLIST_FILE = plists/RIBExporter.info.plist;
				LIBRARY_SEARCH_PATHS = (
					"$(inherited)",
					/Users/yoshi/Shade/plugins_dev/Shade15PluginSDK/projects/RIBExporter/libtiff/lib/mac,
				);
				OTHER_CFLAGS = "";
				OTHER_LDFLAGS = "";
				OTHER_REZFLAGS = "";
				PRODUCT_NAME = RIBExporter;
				SDKROOT = macosx10.9;
				SECTORDER_FLAGS = "";
				USER_HEADER_SEARCH_PATHS = ../../libtiff/include;
				WARNING_CFLAGS = "-w";
				WRAPPER_EXTENSION = shdplugin;
				ZERO_LINK = NO;
			};
			name = Deployment;
		};
		12D39A0C08643DD1007494E7 /* Development */ = {
			isa = XCBuildConfiguration;
			baseConfigurationReference = C7A6141B1898EC1B008B2D6E /* config.plugins.xcconfig */;
			buildSettings = {
				CLANG_CXX_LANGUAGE_STANDARD = "gnu++0x";
				CLANG_CXX_LIBRARY = "libc++";
			};
			name = Development;
		};
		12D39A0D08643DD1007494E7 /* Deployment */ = {
			isa = XCBuildConfiguration;
			baseConfigurationReference = C7A6141B1898EC1B008B2D6E /* config.plugins.xcconfig */;
			buildSettings = {
				CLANG_CXX_LANGUAGE_STANDARD = "gnu++0x";
				CLANG_CXX_LIBRARY = "libc++";
			};
			name = Deployment;
		};
/* End XCBuildConfiguration section */

/* Begin XCConfigurationList section */
		12D39A0308643DD1007494E7 /* Build configuration list for PBXNativeTarget "RIBExporter" */ = {
			isa = XCConfigurationList;
			buildConfigurations = (
				12D39A0408643DD1007494E7 /* Development */,
				12D39A0508643DD1007494E7 /* Deployment */,
			);
			defaultConfigurationIsVisible = 0;
			defaultConfigurationName = Deployment;
		};
		12D39A0B08643DD1007494E7 /* Build configuration list for PBXProject "Template" */ = {
			isa = XCConfigurationList;
			buildConfigurations = (
				12D39A0C08643DD1007494E7 /* Development */,
				12D39A0D08643DD1007494E7 /* Deployment */,
			);
			defaultConfigurationIsVisible = 0;
			defaultConfigurationName = Deployment;
		};
/* End XCConfigurationList section */
	};
	rootObject = 089C1669FE841209C02AAC07 /* Project object */;
}
