Microsoft Visual Studio Solution File, Format Version 11.00
# Visual Studio 2010
Project("{8BC9CEB8-8B4A-11D0-8D11-00A0C91BC942}") = "HelloShade", "HelloShade.vcxproj", "{AE28B49E-A606-4575-A80F-2A9A5E87E6A2}"
EndProject
Global
	GlobalSection(SolutionConfigurationPlatforms) = preSolution
		HelloShade|Win32 = HelloShade|Win32
		HelloShade|x64 = HelloShade|x64
	EndGlobalSection
	GlobalSection(ProjectConfigurationPlatforms) = postSolution
		{AE28B49E-A606-4575-A80F-2A9A5E87E6A2}.HelloShade|Win32.ActiveCfg = HelloShade|Win32
		{AE28B49E-A606-4575-A80F-2A9A5E87E6A2}.HelloShade|Win32.Build.0 = HelloShade|Win32
		{AE28B49E-A606-4575-A80F-2A9A5E87E6A2}.HelloShade|x64.ActiveCfg = HelloShade|x64
		{AE28B49E-A606-4575-A80F-2A9A5E87E6A2}.HelloShade|x64.Build.0 = HelloShade|x64
	EndGlobalSection
	GlobalSection(SolutionProperties) = preSolution
		HideSolutionNode = FALSE
	EndGlobalSection
EndGlobal
